
Microsoft Visual Studio Solution File, Format Version 12.00
# Visual Studio 15
VisualStudioVersion = 15.0.28307.779
MinimumVisualStudioVersion = 10.0.40219.1
Project("{FAE04EC0-301F-11D3-BF4B-00C04F79EFBC}") = "ResourceAllocationWebApi", "ResourceAllocationWebApi\ResourceAllocationWebApi.csproj", "{F8F2009E-9007-4401-998E-94B044DAE920}"
EndProject
Project("{FAE04EC0-301F-11D3-BF4B-00C04F79EFBC}") = "ResourceAllocationWebApi.Data", "ResourceAllocationWebApi.Data\ResourceAllocationWebApi.Data.csproj", "{8B4A609C-62F2-4E19-99C6-B4337E37292D}"
EndProject
Project("{FAE04EC0-301F-11D3-BF4B-00C04F79EFBC}") = "ResourceAllocationWebApi.Service", "ResourceAllocationWebApi.Service\ResourceAllocationWebApi.Service.csproj", "{B5C7708E-11B6-472D-BD4F-BF5691EA4360}"
EndProject
Global
	GlobalSection(SolutionConfigurationPlatforms) = preSolution
		Debug|Any CPU = Debug|Any CPU
		Release|Any CPU = Release|Any CPU
	EndGlobalSection
	GlobalSection(ProjectConfigurationPlatforms) = postSolution
		{F8F2009E-9007-4401-998E-94B044DAE920}.Debug|Any CPU.ActiveCfg = Debug|Any CPU
		{F8F2009E-9007-4401-998E-94B044DAE920}.Debug|Any CPU.Build.0 = Debug|Any CPU
		{F8F2009E-9007-4401-998E-94B044DAE920}.Release|Any CPU.ActiveCfg = Release|Any CPU
		{F8F2009E-9007-4401-998E-94B044DAE920}.Release|Any CPU.Build.0 = Release|Any CPU
		{8B4A609C-62F2-4E19-99C6-B4337E37292D}.Debug|Any CPU.ActiveCfg = Debug|Any CPU
		{8B4A609C-62F2-4E19-99C6-B4337E37292D}.Debug|Any CPU.Build.0 = Debug|Any CPU
		{8B4A609C-62F2-4E19-99C6-B4337E37292D}.Release|Any CPU.ActiveCfg = Release|Any CPU
		{8B4A609C-62F2-4E19-99C6-B4337E37292D}.Release|Any CPU.Build.0 = Release|Any CPU
		{B5C7708E-11B6-472D-BD4F-BF5691EA4360}.Debug|Any CPU.ActiveCfg = Debug|Any CPU
		{B5C7708E-11B6-472D-BD4F-BF5691EA4360}.Debug|Any CPU.Build.0 = Debug|Any CPU
		{B5C7708E-11B6-472D-BD4F-BF5691EA4360}.Release|Any CPU.ActiveCfg = Release|Any CPU
		{B5C7708E-11B6-472D-BD4F-BF5691EA4360}.Release|Any CPU.Build.0 = Release|Any CPU
	EndGlobalSection
	GlobalSection(SolutionProperties) = preSolution
		HideSolutionNode = FALSE
	EndGlobalSection
	GlobalSection(ExtensibilityGlobals) = postSolution
		SolutionGuid = {D1E6CB88-DD9D-441E-800C-C3A0FF14FBD8}
	EndGlobalSection
EndGlobal
